{"claimed_at":1788785049.7728586,"expected_max_provider_duration_sec":10920.0,"heartbeat_at":1788785245.3658273,"hostname":"WIN-FOVCL5KBJ2M","pid":16960,"process_id":16960,"provider_call_started_at":1788785049.7728586,"request_id":"591813800_1788795820_78928968_1788795849_EURCAD_21688","request_lifecycle_version":"20260724_exactly_once_request_v1","worker_id":"python_16960_1788784975"}