{"claimed_at":1788785049.6216087,"expected_max_provider_duration_sec":10920.0,"heartbeat_at":1788785245.287029,"hostname":"WIN-FOVCL5KBJ2M","pid":16960,"process_id":16960,"provider_call_started_at":1788785049.6216087,"request_id":"591813800_1788795820_78928968_1788795848_#Japan225_28987","request_lifecycle_version":"20260724_exactly_once_request_v1","worker_id":"python_16960_1788784975"}