{"claimed_at":1788756999.7187445,"expected_max_provider_duration_sec":10920.0,"heartbeat_at":1788757104.9385555,"hostname":"WIN-FOVCL5KBJ2M","pid":12840,"process_id":12840,"provider_call_started_at":1788756999.7187445,"request_id":"591813800_1788767771_50878171_1788767799_#Japan225_27129","request_lifecycle_version":"20260724_exactly_once_request_v1","worker_id":"python_12840_1788756916"}