{"claimed_at":1788877928.4028075,"expected_max_provider_duration_sec":10920.0,"heartbeat_at":1788878110.5448537,"hostname":"WIN-FOVCL5KBJ2M","pid":12632,"process_id":12632,"provider_call_started_at":1788877928.4028075,"request_id":"591813800_1788048000_167480078_1788065143_BITCOIN_17221","request_lifecycle_version":"20260724_exactly_once_request_v1","worker_id":"python_12632_1788877917"}