{"claimed_at":1788877927.8127112,"expected_max_provider_duration_sec":10920.0,"heartbeat_at":1788878109.2127547,"hostname":"WIN-FOVCL5KBJ2M","pid":12632,"process_id":12632,"provider_call_started_at":1788877927.8127112,"request_id":"591813800_1788048000_167480078_1788064240_BITCOIN_30739","request_lifecycle_version":"20260724_exactly_once_request_v1","worker_id":"python_12632_1788877917"}