{"claimed_at":1789061559.2881222,"expected_max_provider_duration_sec":10920.0,"heartbeat_at":1789061652.9141934,"hostname":"WIN-FOVCL5KBJ2M","pid":25160,"process_id":25160,"provider_call_started_at":1789061559.2881222,"request_id":"903871_1789062748_87542921_1789072358_EURJPY_22127","request_lifecycle_version":"20260724_exactly_once_request_v1","worker_id":"python_25160_1789004663"}