{"claimed_at":1788783532.5277824,"expected_max_provider_duration_sec":10920.0,"heartbeat_at":1788784915.848457,"hostname":"WIN-FOVCL5KBJ2M","pid":6120,"process_id":6120,"provider_call_started_at":1788783532.5277824,"request_id":"591813800_1788767828_50935000_1788786041_CADJPY_24887","request_lifecycle_version":"20260724_exactly_once_request_v1","worker_id":"python_6120_1788757126"}